// !$*UTF8*$!
{
	archiveVersion = 1;
	classes = {
	};
	objectVersion = 56;
	objects = {

/* Begin PBXBuildFile section */
		A20B892F2B6E753200A068DD /* AppDelegate.swift in Sources */ = {isa = PBXBuildFile; fileRef = A20B892E2B6E753200A068DD /* AppDelegate.swift */; };
		A20B89312B6E753200A068DD /* SceneDelegate.swift in Sources */ = {isa = PBXBuildFile; fileRef = A20B89302B6E753200A068DD /* SceneDelegate.swift */; };
		A20B89382B6E753300A068DD /* Assets.xcassets in Resources */ = {isa = PBXBuildFile; fileRef = A20B89372B6E753300A068DD /* Assets.xcassets */; };
		A20B893B2B6E753300A068DD /* LaunchScreen.storyboard in Resources */ = {isa = PBXBuildFile; fileRef = A20B89392B6E753300A068DD /* LaunchScreen.storyboard */; };
		A20B897F2B6EC6E200A068DD /* Coordinator.swift in Sources */ = {isa = PBXBuildFile; fileRef = A20B897E2B6EC6E200A068DD /* Coordinator.swift */; };
		A20B89822B6EC76100A068DD /* DashboardCoordinator.swift in Sources */ = {isa = PBXBuildFile; fileRef = A20B89812B6EC76100A068DD /* DashboardCoordinator.swift */; };
		A20B89842B6EC85C00A068DD /* DashboardViewController.swift in Sources */ = {isa = PBXBuildFile; fileRef = A20B89832B6EC85C00A068DD /* DashboardViewController.swift */; };
		A20B89862B6EC89000A068DD /* AppContainer.swift in Sources */ = {isa = PBXBuildFile; fileRef = A20B89852B6EC89000A068DD /* AppContainer.swift */; };
		A20B898A2B6ECA3500A068DD /* CharactersCoordinator.swift in Sources */ = {isa = PBXBuildFile; fileRef = A20B89892B6ECA3500A068DD /* CharactersCoordinator.swift */; };
		A20B898C2B6ECA5400A068DD /* CharactersViewController.swift in Sources */ = {isa = PBXBuildFile; fileRef = A20B898B2B6ECA5400A068DD /* CharactersViewController.swift */; };
		A20B89922B6ED4AE00A068DD /* SFSymbols.swift in Sources */ = {isa = PBXBuildFile; fileRef = A20B89912B6ED4AE00A068DD /* SFSymbols.swift */; };
		A20B89942B6ED4D900A068DD /* LocalizedStrings.swift in Sources */ = {isa = PBXBuildFile; fileRef = A20B89932B6ED4D900A068DD /* LocalizedStrings.swift */; };
		A20B89992B6ED58800A068DD /* Tab.swift in Sources */ = {isa = PBXBuildFile; fileRef = A20B89982B6ED58800A068DD /* Tab.swift */; };
		A20B899D2B6EDA2F00A068DD /* LocationsCoordinator.swift in Sources */ = {isa = PBXBuildFile; fileRef = A20B899C2B6EDA2F00A068DD /* LocationsCoordinator.swift */; };
		A20B899F2B6EDA9800A068DD /* LocationsViewController.swift in Sources */ = {isa = PBXBuildFile; fileRef = A20B899E2B6EDA9800A068DD /* LocationsViewController.swift */; };
		A20B89A32B6EDC6200A068DD /* EpisodesCoordinator.swift in Sources */ = {isa = PBXBuildFile; fileRef = A20B89A22B6EDC6200A068DD /* EpisodesCoordinator.swift */; };
		A20B89A52B6EDCC300A068DD /* EpisodesViewController.swift in Sources */ = {isa = PBXBuildFile; fileRef = A20B89A42B6EDCC300A068DD /* EpisodesViewController.swift */; };
		A20B89B52B7208E700A068DD /* CharactersView.swift in Sources */ = {isa = PBXBuildFile; fileRef = A20B89B42B7208E700A068DD /* CharactersView.swift */; };
		A20B89B72B72091600A068DD /* CharactersViewModel.swift in Sources */ = {isa = PBXBuildFile; fileRef = A20B89B62B72091600A068DD /* CharactersViewModel.swift */; };
		A20B89DD2B73403900A068DD /* CharacterCollectionViewCell.swift in Sources */ = {isa = PBXBuildFile; fileRef = A20B89DC2B73403900A068DD /* CharacterCollectionViewCell.swift */; };
		A20B89E82B73735D00A068DD /* CharacterDTO.swift in Sources */ = {isa = PBXBuildFile; fileRef = A20B89E72B73735D00A068DD /* CharacterDTO.swift */; };
		A20B89EC2B7374E700A068DD /* Character.swift in Sources */ = {isa = PBXBuildFile; fileRef = A20B89EB2B7374E700A068DD /* Character.swift */; };
		A20B89F02B73931A00A068DD /* DateFormatter+Extension.swift in Sources */ = {isa = PBXBuildFile; fileRef = A20B89EF2B73931A00A068DD /* DateFormatter+Extension.swift */; };
		A20B8A0E2B749F9C00A068DD /* URLSessionService.swift in Sources */ = {isa = PBXBuildFile; fileRef = A20B8A0D2B749F9C00A068DD /* URLSessionService.swift */; };
		A20B8A102B74C08100A068DD /* NetworkError.swift in Sources */ = {isa = PBXBuildFile; fileRef = A20B8A0F2B74C08100A068DD /* NetworkError.swift */; };
		A20B8A222B74EFA600A068DD /* NetworkService.swift in Sources */ = {isa = PBXBuildFile; fileRef = A20B8A212B74EFA600A068DD /* NetworkService.swift */; };
		A20B8A242B74F1C300A068DD /* CharacterListDTO.swift in Sources */ = {isa = PBXBuildFile; fileRef = A20B8A232B74F1C300A068DD /* CharacterListDTO.swift */; };
		A20B8A282B74F23300A068DD /* InfoDTO.swift in Sources */ = {isa = PBXBuildFile; fileRef = A20B8A272B74F23300A068DD /* InfoDTO.swift */; };
		A20B8A2C2B74F28C00A068DD /* Info.swift in Sources */ = {isa = PBXBuildFile; fileRef = A20B8A2B2B74F28C00A068DD /* Info.swift */; };
		A20B8A2E2B74F3A500A068DD /* CharacterList.swift in Sources */ = {isa = PBXBuildFile; fileRef = A20B8A2D2B74F3A500A068DD /* CharacterList.swift */; };
		A20B8A432B754D3F00A068DD /* InfoMapper.swift in Sources */ = {isa = PBXBuildFile; fileRef = A20B8A422B754D3F00A068DD /* InfoMapper.swift */; };
		A20B8A462B754DCB00A068DD /* CharacterRepositoryMapper.swift in Sources */ = {isa = PBXBuildFile; fileRef = A20B8A452B754DCB00A068DD /* CharacterRepositoryMapper.swift */; };
		A20B8A522B7553F000A068DD /* CharacterNetworkDataSource.swift in Sources */ = {isa = PBXBuildFile; fileRef = A20B8A502B7553F000A068DD /* CharacterNetworkDataSource.swift */; };
		A20B8A532B7553F000A068DD /* CharacterDataSourceProtocol.swift in Sources */ = {isa = PBXBuildFile; fileRef = A20B8A512B7553F000A068DD /* CharacterDataSourceProtocol.swift */; };
		A20B8A552B7554A500A068DD /* CharacterRepository.swift in Sources */ = {isa = PBXBuildFile; fileRef = A20B8A542B7554A500A068DD /* CharacterRepository.swift */; };
		A20B8A572B7554C800A068DD /* CharacterRepositoryProtocol.swift in Sources */ = {isa = PBXBuildFile; fileRef = A20B8A562B7554C800A068DD /* CharacterRepositoryProtocol.swift */; };
		A20B8A5D2B7558FE00A068DD /* GetCharactersUseCase.swift in Sources */ = {isa = PBXBuildFile; fileRef = A20B8A5C2B7558FE00A068DD /* GetCharactersUseCase.swift */; };
		A20B8A822B75EA2900A068DD /* DashboardFactory.swift in Sources */ = {isa = PBXBuildFile; fileRef = A20B8A812B75EA2900A068DD /* DashboardFactory.swift */; };
		A20B8A842B75EA8500A068DD /* CharactersFactory.swift in Sources */ = {isa = PBXBuildFile; fileRef = A20B8A832B75EA8500A068DD /* CharactersFactory.swift */; };
		A20B8A862B75EA9D00A068DD /* EpisodesFactory.swift in Sources */ = {isa = PBXBuildFile; fileRef = A20B8A852B75EA9D00A068DD /* EpisodesFactory.swift */; };
		A20B8A882B75EAA900A068DD /* LocationsFactory.swift in Sources */ = {isa = PBXBuildFile; fileRef = A20B8A872B75EAA900A068DD /* LocationsFactory.swift */; };
		A20B8A8A2B763FF400A068DD /* CharacterViewModel.swift in Sources */ = {isa = PBXBuildFile; fileRef = A20B8A892B763FF400A068DD /* CharacterViewModel.swift */; };
/* End PBXBuildFile section */

/* Begin PBXContainerItemProxy section */
		A20B89522B6EA68800A068DD /* PBXContainerItemProxy */ = {
			isa = PBXContainerItemProxy;
			containerPortal = A20B89232B6E753200A068DD /* Project object */;
			proxyType = 1;
			remoteGlobalIDString = A20B892A2B6E753200A068DD;
			remoteInfo = RickAndMorty;
		};
/* End PBXContainerItemProxy section */

/* Begin PBXFileReference section */
		A20B892B2B6E753200A068DD /* RickAndMorty.app */ = {isa = PBXFileReference; explicitFileType = wrapper.application; includeInIndex = 0; path = RickAndMorty.app; sourceTree = BUILT_PRODUCTS_DIR; };
		A20B892E2B6E753200A068DD /* AppDelegate.swift */ = {isa = PBXFileReference; lastKnownFileType = sourcecode.swift; path = AppDelegate.swift; sourceTree = "<group>"; };
		A20B89302B6E753200A068DD /* SceneDelegate.swift */ = {isa = PBXFileReference; lastKnownFileType = sourcecode.swift; path = SceneDelegate.swift; sourceTree = "<group>"; };
		A20B89372B6E753300A068DD /* Assets.xcassets */ = {isa = PBXFileReference; lastKnownFileType = folder.assetcatalog; path = Assets.xcassets; sourceTree = "<group>"; };
		A20B893A2B6E753300A068DD /* Base */ = {isa = PBXFileReference; lastKnownFileType = file.storyboard; name = Base; path = Base.lproj/LaunchScreen.storyboard; sourceTree = "<group>"; };
		A20B893C2B6E753300A068DD /* Info.plist */ = {isa = PBXFileReference; lastKnownFileType = text.plist.xml; path = Info.plist; sourceTree = "<group>"; };
		A20B894E2B6EA68800A068DD /* RickAndMortyTests.xctest */ = {isa = PBXFileReference; explicitFileType = wrapper.cfbundle; includeInIndex = 0; path = RickAndMortyTests.xctest; sourceTree = BUILT_PRODUCTS_DIR; };
		A20B897E2B6EC6E200A068DD /* Coordinator.swift */ = {isa = PBXFileReference; lastKnownFileType = sourcecode.swift; path = Coordinator.swift; sourceTree = "<group>"; };
		A20B89812B6EC76100A068DD /* DashboardCoordinator.swift */ = {isa = PBXFileReference; lastKnownFileType = sourcecode.swift; path = DashboardCoordinator.swift; sourceTree = "<group>"; };
		A20B89832B6EC85C00A068DD /* DashboardViewController.swift */ = {isa = PBXFileReference; lastKnownFileType = sourcecode.swift; path = DashboardViewController.swift; sourceTree = "<group>"; };
		A20B89852B6EC89000A068DD /* AppContainer.swift */ = {isa = PBXFileReference; lastKnownFileType = sourcecode.swift; path = AppContainer.swift; sourceTree = "<group>"; };
		A20B89892B6ECA3500A068DD /* CharactersCoordinator.swift */ = {isa = PBXFileReference; lastKnownFileType = sourcecode.swift; path = CharactersCoordinator.swift; sourceTree = "<group>"; };
		A20B898B2B6ECA5400A068DD /* CharactersViewController.swift */ = {isa = PBXFileReference; lastKnownFileType = sourcecode.swift; path = CharactersViewController.swift; sourceTree = "<group>"; };
		A20B89912B6ED4AE00A068DD /* SFSymbols.swift */ = {isa = PBXFileReference; lastKnownFileType = sourcecode.swift; path = SFSymbols.swift; sourceTree = "<group>"; };
		A20B89932B6ED4D900A068DD /* LocalizedStrings.swift */ = {isa = PBXFileReference; lastKnownFileType = sourcecode.swift; path = LocalizedStrings.swift; sourceTree = "<group>"; };
		A20B89982B6ED58800A068DD /* Tab.swift */ = {isa = PBXFileReference; lastKnownFileType = sourcecode.swift; path = Tab.swift; sourceTree = "<group>"; };
		A20B899C2B6EDA2F00A068DD /* LocationsCoordinator.swift */ = {isa = PBXFileReference; lastKnownFileType = sourcecode.swift; path = LocationsCoordinator.swift; sourceTree = "<group>"; };
		A20B899E2B6EDA9800A068DD /* LocationsViewController.swift */ = {isa = PBXFileReference; lastKnownFileType = sourcecode.swift; path = LocationsViewController.swift; sourceTree = "<group>"; };
		A20B89A22B6EDC6200A068DD /* EpisodesCoordinator.swift */ = {isa = PBXFileReference; lastKnownFileType = sourcecode.swift; path = EpisodesCoordinator.swift; sourceTree = "<group>"; };
		A20B89A42B6EDCC300A068DD /* EpisodesViewController.swift */ = {isa = PBXFileReference; lastKnownFileType = sourcecode.swift; path = EpisodesViewController.swift; sourceTree = "<group>"; };
		A20B89B42B7208E700A068DD /* CharactersView.swift */ = {isa = PBXFileReference; lastKnownFileType = sourcecode.swift; path = CharactersView.swift; sourceTree = "<group>"; };
		A20B89B62B72091600A068DD /* CharactersViewModel.swift */ = {isa = PBXFileReference; lastKnownFileType = sourcecode.swift; path = CharactersViewModel.swift; sourceTree = "<group>"; };
		A20B89DC2B73403900A068DD /* CharacterCollectionViewCell.swift */ = {isa = PBXFileReference; lastKnownFileType = sourcecode.swift; path = CharacterCollectionViewCell.swift; sourceTree = "<group>"; };
		A20B89E72B73735D00A068DD /* CharacterDTO.swift */ = {isa = PBXFileReference; lastKnownFileType = sourcecode.swift; path = CharacterDTO.swift; sourceTree = "<group>"; };
		A20B89EB2B7374E700A068DD /* Character.swift */ = {isa = PBXFileReference; lastKnownFileType = sourcecode.swift; path = Character.swift; sourceTree = "<group>"; };
		A20B89EF2B73931A00A068DD /* DateFormatter+Extension.swift */ = {isa = PBXFileReference; lastKnownFileType = sourcecode.swift; path = "DateFormatter+Extension.swift"; sourceTree = "<group>"; };
		A20B8A0D2B749F9C00A068DD /* URLSessionService.swift */ = {isa = PBXFileReference; lastKnownFileType = sourcecode.swift; path = URLSessionService.swift; sourceTree = "<group>"; };
		A20B8A0F2B74C08100A068DD /* NetworkError.swift */ = {isa = PBXFileReference; lastKnownFileType = sourcecode.swift; path = NetworkError.swift; sourceTree = "<group>"; };
		A20B8A212B74EFA600A068DD /* NetworkService.swift */ = {isa = PBXFileReference; lastKnownFileType = sourcecode.swift; path = NetworkService.swift; sourceTree = "<group>"; };
		A20B8A232B74F1C300A068DD /* CharacterListDTO.swift */ = {isa = PBXFileReference; lastKnownFileType = sourcecode.swift; path = CharacterListDTO.swift; sourceTree = "<group>"; };
		A20B8A272B74F23300A068DD /* InfoDTO.swift */ = {isa = PBXFileReference; lastKnownFileType = sourcecode.swift; path = InfoDTO.swift; sourceTree = "<group>"; };
		A20B8A2B2B74F28C00A068DD /* Info.swift */ = {isa = PBXFileReference; lastKnownFileType = sourcecode.swift; path = Info.swift; sourceTree = "<group>"; };
		A20B8A2D2B74F3A500A068DD /* CharacterList.swift */ = {isa = PBXFileReference; lastKnownFileType = sourcecode.swift; path = CharacterList.swift; sourceTree = "<group>"; };
		A20B8A422B754D3F00A068DD /* InfoMapper.swift */ = {isa = PBXFileReference; lastKnownFileType = sourcecode.swift; path = InfoMapper.swift; sourceTree = "<group>"; };
		A20B8A452B754DCB00A068DD /* CharacterRepositoryMapper.swift */ = {isa = PBXFileReference; lastKnownFileType = sourcecode.swift; path = CharacterRepositoryMapper.swift; sourceTree = "<group>"; };
		A20B8A502B7553F000A068DD /* CharacterNetworkDataSource.swift */ = {isa = PBXFileReference; fileEncoding = 4; lastKnownFileType = sourcecode.swift; path = CharacterNetworkDataSource.swift; sourceTree = "<group>"; };
		A20B8A512B7553F000A068DD /* CharacterDataSourceProtocol.swift */ = {isa = PBXFileReference; fileEncoding = 4; lastKnownFileType = sourcecode.swift; path = CharacterDataSourceProtocol.swift; sourceTree = "<group>"; };
		A20B8A542B7554A500A068DD /* CharacterRepository.swift */ = {isa = PBXFileReference; lastKnownFileType = sourcecode.swift; path = CharacterRepository.swift; sourceTree = "<group>"; };
		A20B8A562B7554C800A068DD /* CharacterRepositoryProtocol.swift */ = {isa = PBXFileReference; lastKnownFileType = sourcecode.swift; path = CharacterRepositoryProtocol.swift; sourceTree = "<group>"; };
		A20B8A5C2B7558FE00A068DD /* GetCharactersUseCase.swift */ = {isa = PBXFileReference; lastKnownFileType = sourcecode.swift; path = GetCharactersUseCase.swift; sourceTree = "<group>"; };
		A20B8A812B75EA2900A068DD /* DashboardFactory.swift */ = {isa = PBXFileReference; lastKnownFileType = sourcecode.swift; path = DashboardFactory.swift; sourceTree = "<group>"; };
		A20B8A832B75EA8500A068DD /* CharactersFactory.swift */ = {isa = PBXFileReference; lastKnownFileType = sourcecode.swift; path = CharactersFactory.swift; sourceTree = "<group>"; };
		A20B8A852B75EA9D00A068DD /* EpisodesFactory.swift */ = {isa = PBXFileReference; lastKnownFileType = sourcecode.swift; path = EpisodesFactory.swift; sourceTree = "<group>"; };
		A20B8A872B75EAA900A068DD /* LocationsFactory.swift */ = {isa = PBXFileReference; lastKnownFileType = sourcecode.swift; path = LocationsFactory.swift; sourceTree = "<group>"; };
		A20B8A892B763FF400A068DD /* CharacterViewModel.swift */ = {isa = PBXFileReference; lastKnownFileType = sourcecode.swift; path = CharacterViewModel.swift; sourceTree = "<group>"; };
/* End PBXFileReference section */

/* Begin PBXFrameworksBuildPhase section */
		A20B89282B6E753200A068DD /* Frameworks */ = {
			isa = PBXFrameworksBuildPhase;
			buildActionMask = 2147483647;
			files = (
			);
			runOnlyForDeploymentPostprocessing = 0;
		};
		A20B894B2B6EA68800A068DD /* Frameworks */ = {
			isa = PBXFrameworksBuildPhase;
			buildActionMask = 2147483647;
			files = (
			);
			runOnlyForDeploymentPostprocessing = 0;
		};
/* End PBXFrameworksBuildPhase section */

/* Begin PBXGroup section */
		A20B89222B6E753200A068DD = {
			isa = PBXGroup;
			children = (
				A20B892D2B6E753200A068DD /* RickAndMorty */,
				A20B894F2B6EA68800A068DD /* RickAndMortyTests */,
				A20B892C2B6E753200A068DD /* Products */,
			);
			sourceTree = "<group>";
		};
		A20B892C2B6E753200A068DD /* Products */ = {
			isa = PBXGroup;
			children = (
				A20B892B2B6E753200A068DD /* RickAndMorty.app */,
				A20B894E2B6EA68800A068DD /* RickAndMortyTests.xctest */,
			);
			name = Products;
			sourceTree = "<group>";
		};
		A20B892D2B6E753200A068DD /* RickAndMorty */ = {
			isa = PBXGroup;
			children = (
				A20B8A782B75DF0600A068DD /* Preview Content */,
				A20B897D2B6EC6D100A068DD /* Common */,
				A20B897A2B6EC55F00A068DD /* Modules */,
				A20B89422B6E86E100A068DD /* Resources */,
				A20B89452B6E8D3E00A068DD /* Setup */,
			);
			path = RickAndMorty;
			sourceTree = "<group>";
		};
		A20B89422B6E86E100A068DD /* Resources */ = {
			isa = PBXGroup;
			children = (
				A20B89372B6E753300A068DD /* Assets.xcassets */,
			);
			path = Resources;
			sourceTree = "<group>";
		};
		A20B89442B6E870600A068DD /* LaunchScreen */ = {
			isa = PBXGroup;
			children = (
				A20B89392B6E753300A068DD /* LaunchScreen.storyboard */,
			);
			path = LaunchScreen;
			sourceTree = "<group>";
		};
		A20B89452B6E8D3E00A068DD /* Setup */ = {
			isa = PBXGroup;
			children = (
				A20B8A802B75EA0F00A068DD /* Factories */,
				A20B892E2B6E753200A068DD /* AppDelegate.swift */,
				A20B89302B6E753200A068DD /* SceneDelegate.swift */,
				A20B89852B6EC89000A068DD /* AppContainer.swift */,
				A20B893C2B6E753300A068DD /* Info.plist */,
			);
			path = Setup;
			sourceTree = "<group>";
		};
		A20B894F2B6EA68800A068DD /* RickAndMortyTests */ = {
			isa = PBXGroup;
			children = (
			);
			path = RickAndMortyTests;
			sourceTree = "<group>";
		};
		A20B897A2B6EC55F00A068DD /* Modules */ = {
			isa = PBXGroup;
			children = (
				A20B89442B6E870600A068DD /* LaunchScreen */,
				A20B897C2B6EC6BB00A068DD /* Dashboard */,
				A20B89872B6ECA1800A068DD /* Characters */,
				A20B899A2B6EDA0400A068DD /* Locations */,
				A20B89A02B6EDC3800A068DD /* Episodes */,
			);
			path = Modules;
			sourceTree = "<group>";
		};
		A20B897C2B6EC6BB00A068DD /* Dashboard */ = {
			isa = PBXGroup;
			children = (
				A20B89972B6ED56900A068DD /* Domain */,
				A20B89802B6EC74900A068DD /* Presentation */,
			);
			path = Dashboard;
			sourceTree = "<group>";
		};
		A20B897D2B6EC6D100A068DD /* Common */ = {
			isa = PBXGroup;
			children = (
				A20B8A292B74F27200A068DD /* Domain */,
				A20B8A252B74F21300A068DD /* Data */,
				A20B8A092B74899100A068DD /* Networking */,
				A20B89952B6ED4E400A068DD /* Constants */,
				A20B897E2B6EC6E200A068DD /* Coordinator.swift */,
				A20B89EF2B73931A00A068DD /* DateFormatter+Extension.swift */,
			);
			path = Common;
			sourceTree = "<group>";
		};
		A20B89802B6EC74900A068DD /* Presentation */ = {
			isa = PBXGroup;
			children = (
				A20B89812B6EC76100A068DD /* DashboardCoordinator.swift */,
				A20B89832B6EC85C00A068DD /* DashboardViewController.swift */,
			);
			path = Presentation;
			sourceTree = "<group>";
		};
		A20B89872B6ECA1800A068DD /* Characters */ = {
			isa = PBXGroup;
			children = (
				A20B89882B6ECA2200A068DD /* Presentation */,
				A20B89E92B7374C100A068DD /* Domain */,
				A20B89E52B73734000A068DD /* Data */,
			);
			path = Characters;
			sourceTree = "<group>";
		};
		A20B89882B6ECA2200A068DD /* Presentation */ = {
			isa = PBXGroup;
			children = (
				A20B8A132B74D79100A068DD /* Views */,
				A20B8A152B74D7A200A068DD /* ViewModels */,
				A20B8A142B74D79700A068DD /* ViewControllers */,
				A20B89892B6ECA3500A068DD /* CharactersCoordinator.swift */,
			);
			path = Presentation;
			sourceTree = "<group>";
		};
		A20B89952B6ED4E400A068DD /* Constants */ = {
			isa = PBXGroup;
			children = (
				A20B89912B6ED4AE00A068DD /* SFSymbols.swift */,
				A20B89932B6ED4D900A068DD /* LocalizedStrings.swift */,
			);
			path = Constants;
			sourceTree = "<group>";
		};
		A20B89972B6ED56900A068DD /* Domain */ = {
			isa = PBXGroup;
			children = (
				A20B89982B6ED58800A068DD /* Tab.swift */,
			);
			path = Domain;
			sourceTree = "<group>";
		};
		A20B899A2B6EDA0400A068DD /* Locations */ = {
			isa = PBXGroup;
			children = (
				A20B899B2B6EDA1B00A068DD /* Presentation */,
			);
			path = Locations;
			sourceTree = "<group>";
		};
		A20B899B2B6EDA1B00A068DD /* Presentation */ = {
			isa = PBXGroup;
			children = (
				A20B899C2B6EDA2F00A068DD /* LocationsCoordinator.swift */,
				A20B899E2B6EDA9800A068DD /* LocationsViewController.swift */,
			);
			path = Presentation;
			sourceTree = "<group>";
		};
		A20B89A02B6EDC3800A068DD /* Episodes */ = {
			isa = PBXGroup;
			children = (
				A20B89A12B6EDC4700A068DD /* Presentation */,
			);
			path = Episodes;
			sourceTree = "<group>";
		};
		A20B89A12B6EDC4700A068DD /* Presentation */ = {
			isa = PBXGroup;
			children = (
				A20B89A22B6EDC6200A068DD /* EpisodesCoordinator.swift */,
				A20B89A42B6EDCC300A068DD /* EpisodesViewController.swift */,
			);
			path = Presentation;
			sourceTree = "<group>";
		};
		A20B89E52B73734000A068DD /* Data */ = {
			isa = PBXGroup;
			children = (
				A20B89E62B73734600A068DD /* Entities */,
				A20B8A442B754DA500A068DD /* Repositories */,
				A20B8A4F2B7553F000A068DD /* DataSources */,
			);
			path = Data;
			sourceTree = "<group>";
		};
		A20B89E62B73734600A068DD /* Entities */ = {
			isa = PBXGroup;
			children = (
				A20B89E72B73735D00A068DD /* CharacterDTO.swift */,
				A20B8A232B74F1C300A068DD /* CharacterListDTO.swift */,
			);
			path = Entities;
			sourceTree = "<group>";
		};
		A20B89E92B7374C100A068DD /* Domain */ = {
			isa = PBXGroup;
			children = (
				A20B89EA2B7374D700A068DD /* Entities */,
				A20B8A592B75589700A068DD /* UseCases */,
				A20B8A582B75581100A068DD /* Repositories */,
			);
			path = Domain;
			sourceTree = "<group>";
		};
		A20B89EA2B7374D700A068DD /* Entities */ = {
			isa = PBXGroup;
			children = (
				A20B89EB2B7374E700A068DD /* Character.swift */,
				A20B8A2D2B74F3A500A068DD /* CharacterList.swift */,
			);
			path = Entities;
			sourceTree = "<group>";
		};
		A20B8A092B74899100A068DD /* Networking */ = {
			isa = PBXGroup;
			children = (
				A20B8A0D2B749F9C00A068DD /* URLSessionService.swift */,
				A20B8A0F2B74C08100A068DD /* NetworkError.swift */,
				A20B8A212B74EFA600A068DD /* NetworkService.swift */,
			);
			path = Networking;
			sourceTree = "<group>";
		};
		A20B8A132B74D79100A068DD /* Views */ = {
			isa = PBXGroup;
			children = (
				A20B89B42B7208E700A068DD /* CharactersView.swift */,
				A20B89DC2B73403900A068DD /* CharacterCollectionViewCell.swift */,
			);
			path = Views;
			sourceTree = "<group>";
		};
		A20B8A142B74D79700A068DD /* ViewControllers */ = {
			isa = PBXGroup;
			children = (
				A20B898B2B6ECA5400A068DD /* CharactersViewController.swift */,
			);
			path = ViewControllers;
			sourceTree = "<group>";
		};
		A20B8A152B74D7A200A068DD /* ViewModels */ = {
			isa = PBXGroup;
			children = (
				A20B89B62B72091600A068DD /* CharactersViewModel.swift */,
				A20B8A892B763FF400A068DD /* CharacterViewModel.swift */,
			);
			path = ViewModels;
			sourceTree = "<group>";
		};
		A20B8A252B74F21300A068DD /* Data */ = {
			isa = PBXGroup;
			children = (
				A20B8A262B74F21A00A068DD /* Entities */,
				A20B8A412B754D2E00A068DD /* Mappers */,
			);
			path = Data;
			sourceTree = "<group>";
		};
		A20B8A262B74F21A00A068DD /* Entities */ = {
			isa = PBXGroup;
			children = (
				A20B8A272B74F23300A068DD /* InfoDTO.swift */,
			);
			path = Entities;
			sourceTree = "<group>";
		};
		A20B8A292B74F27200A068DD /* Domain */ = {
			isa = PBXGroup;
			children = (
				A20B8A2A2B74F27F00A068DD /* Entities */,
			);
			path = Domain;
			sourceTree = "<group>";
		};
		A20B8A2A2B74F27F00A068DD /* Entities */ = {
			isa = PBXGroup;
			children = (
				A20B8A2B2B74F28C00A068DD /* Info.swift */,
			);
			path = Entities;
			sourceTree = "<group>";
		};
		A20B8A412B754D2E00A068DD /* Mappers */ = {
			isa = PBXGroup;
			children = (
				A20B8A422B754D3F00A068DD /* InfoMapper.swift */,
			);
			path = Mappers;
			sourceTree = "<group>";
		};
		A20B8A442B754DA500A068DD /* Repositories */ = {
			isa = PBXGroup;
			children = (
				A20B8A452B754DCB00A068DD /* CharacterRepositoryMapper.swift */,
				A20B8A562B7554C800A068DD /* CharacterRepositoryProtocol.swift */,
			);
			path = Repositories;
			sourceTree = "<group>";
		};
		A20B8A4F2B7553F000A068DD /* DataSources */ = {
			isa = PBXGroup;
			children = (
				A20B8A512B7553F000A068DD /* CharacterDataSourceProtocol.swift */,
				A20B8A502B7553F000A068DD /* CharacterNetworkDataSource.swift */,
			);
			path = DataSources;
			sourceTree = "<group>";
		};
		A20B8A582B75581100A068DD /* Repositories */ = {
			isa = PBXGroup;
			children = (
				A20B8A542B7554A500A068DD /* CharacterRepository.swift */,
			);
			path = Repositories;
			sourceTree = "<group>";
		};
		A20B8A592B75589700A068DD /* UseCases */ = {
			isa = PBXGroup;
			children = (
				A20B8A5C2B7558FE00A068DD /* GetCharactersUseCase.swift */,
			);
			path = UseCases;
			sourceTree = "<group>";
		};
		A20B8A782B75DF0600A068DD /* Preview Content */ = {
			isa = PBXGroup;
			children = (
			);
			path = "Preview Content";
			sourceTree = "<group>";
		};
		A20B8A802B75EA0F00A068DD /* Factories */ = {
			isa = PBXGroup;
			children = (
				A20B8A812B75EA2900A068DD /* DashboardFactory.swift */,
				A20B8A832B75EA8500A068DD /* CharactersFactory.swift */,
				A20B8A872B75EAA900A068DD /* LocationsFactory.swift */,
				A20B8A852B75EA9D00A068DD /* EpisodesFactory.swift */,
			);
			path = Factories;
			sourceTree = "<group>";
		};
/* End PBXGroup section */

/* Begin PBXNativeTarget section */
		A20B892A2B6E753200A068DD /* RickAndMorty */ = {
			isa = PBXNativeTarget;
			buildConfigurationList = A20B893F2B6E753300A068DD /* Build configuration list for PBXNativeTarget "RickAndMorty" */;
			buildPhases = (
				A20B89272B6E753200A068DD /* Sources */,
				A20B89282B6E753200A068DD /* Frameworks */,
				A20B89292B6E753200A068DD /* Resources */,
			);
			buildRules = (
			);
			dependencies = (
			);
			name = RickAndMorty;
			productName = RickAndMorty;
			productReference = A20B892B2B6E753200A068DD /* RickAndMorty.app */;
			productType = "com.apple.product-type.application";
		};
		A20B894D2B6EA68800A068DD /* RickAndMortyTests */ = {
			isa = PBXNativeTarget;
			buildConfigurationList = A20B89562B6EA68800A068DD /* Build configuration list for PBXNativeTarget "RickAndMortyTests" */;
			buildPhases = (
				A20B894A2B6EA68800A068DD /* Sources */,
				A20B894B2B6EA68800A068DD /* Frameworks */,
				A20B894C2B6EA68800A068DD /* Resources */,
			);
			buildRules = (
			);
			dependencies = (
				A20B89532B6EA68800A068DD /* PBXTargetDependency */,
			);
			name = RickAndMortyTests;
			productName = RickAndMortyTests;
			productReference = A20B894E2B6EA68800A068DD /* RickAndMortyTests.xctest */;
			productType = "com.apple.product-type.bundle.unit-test";
		};
/* End PBXNativeTarget section */

/* Begin PBXProject section */
		A20B89232B6E753200A068DD /* Project object */ = {
			isa = PBXProject;
			attributes = {
				BuildIndependentTargetsInParallel = 1;
				LastSwiftUpdateCheck = 1520;
				LastUpgradeCheck = 1520;
				TargetAttributes = {
					A20B892A2B6E753200A068DD = {
						CreatedOnToolsVersion = 15.2;
					};
					A20B894D2B6EA68800A068DD = {
						CreatedOnToolsVersion = 15.2;
						TestTargetID = A20B892A2B6E753200A068DD;
					};
				};
			};
			buildConfigurationList = A20B89262B6E753200A068DD /* Build configuration list for PBXProject "RickAndMorty" */;
			compatibilityVersion = "Xcode 14.0";
			developmentRegion = en;
			hasScannedForEncodings = 0;
			knownRegions = (
				en,
				Base,
			);
			mainGroup = A20B89222B6E753200A068DD;
			productRefGroup = A20B892C2B6E753200A068DD /* Products */;
			projectDirPath = "";
			projectRoot = "";
			targets = (
				A20B892A2B6E753200A068DD /* RickAndMorty */,
				A20B894D2B6EA68800A068DD /* RickAndMortyTests */,
			);
		};
/* End PBXProject section */

/* Begin PBXResourcesBuildPhase section */
		A20B89292B6E753200A068DD /* Resources */ = {
			isa = PBXResourcesBuildPhase;
			buildActionMask = 2147483647;
			files = (
				A20B893B2B6E753300A068DD /* LaunchScreen.storyboard in Resources */,
				A20B89382B6E753300A068DD /* Assets.xcassets in Resources */,
			);
			runOnlyForDeploymentPostprocessing = 0;
		};
		A20B894C2B6EA68800A068DD /* Resources */ = {
			isa = PBXResourcesBuildPhase;
			buildActionMask = 2147483647;
			files = (
			);
			runOnlyForDeploymentPostprocessing = 0;
		};
/* End PBXResourcesBuildPhase section */

/* Begin PBXSourcesBuildPhase section */
		A20B89272B6E753200A068DD /* Sources */ = {
			isa = PBXSourcesBuildPhase;
			buildActionMask = 2147483647;
			files = (
				A20B8A462B754DCB00A068DD /* CharacterRepositoryMapper.swift in Sources */,
				A20B8A242B74F1C300A068DD /* CharacterListDTO.swift in Sources */,
				A20B8A532B7553F000A068DD /* CharacterDataSourceProtocol.swift in Sources */,
				A20B89A52B6EDCC300A068DD /* EpisodesViewController.swift in Sources */,
				A20B898C2B6ECA5400A068DD /* CharactersViewController.swift in Sources */,
				A20B8A5D2B7558FE00A068DD /* GetCharactersUseCase.swift in Sources */,
				A20B8A572B7554C800A068DD /* CharacterRepositoryProtocol.swift in Sources */,
				A20B8A552B7554A500A068DD /* CharacterRepository.swift in Sources */,
				A20B892F2B6E753200A068DD /* AppDelegate.swift in Sources */,
				A20B89922B6ED4AE00A068DD /* SFSymbols.swift in Sources */,
				A20B8A862B75EA9D00A068DD /* EpisodesFactory.swift in Sources */,
				A20B8A222B74EFA600A068DD /* NetworkService.swift in Sources */,
				A20B89822B6EC76100A068DD /* DashboardCoordinator.swift in Sources */,
				A20B8A842B75EA8500A068DD /* CharactersFactory.swift in Sources */,
				A20B8A2E2B74F3A500A068DD /* CharacterList.swift in Sources */,
				A20B8A822B75EA2900A068DD /* DashboardFactory.swift in Sources */,
				A20B89942B6ED4D900A068DD /* LocalizedStrings.swift in Sources */,
				A20B8A522B7553F000A068DD /* CharacterNetworkDataSource.swift in Sources */,
				A20B89B72B72091600A068DD /* CharactersViewModel.swift in Sources */,
				A20B89EC2B7374E700A068DD /* Character.swift in Sources */,
				A20B8A102B74C08100A068DD /* NetworkError.swift in Sources */,
				A20B8A8A2B763FF400A068DD /* CharacterViewModel.swift in Sources */,
				A20B89992B6ED58800A068DD /* Tab.swift in Sources */,
				A20B8A2C2B74F28C00A068DD /* Info.swift in Sources */,
				A20B89842B6EC85C00A068DD /* DashboardViewController.swift in Sources */,
				A20B89312B6E753200A068DD /* SceneDelegate.swift in Sources */,
				A20B89A32B6EDC6200A068DD /* EpisodesCoordinator.swift in Sources */,
				A20B89B52B7208E700A068DD /* CharactersView.swift in Sources */,
				A20B89DD2B73403900A068DD /* CharacterCollectionViewCell.swift in Sources */,
				A20B8A0E2B749F9C00A068DD /* URLSessionService.swift in Sources */,
				A20B899F2B6EDA9800A068DD /* LocationsViewController.swift in Sources */,
				A20B89E82B73735D00A068DD /* CharacterDTO.swift in Sources */,
				A20B897F2B6EC6E200A068DD /* Coordinator.swift in Sources */,
				A20B899D2B6EDA2F00A068DD /* LocationsCoordinator.swift in Sources */,
				A20B89862B6EC89000A068DD /* AppContainer.swift in Sources */,
				A20B89F02B73931A00A068DD /* DateFormatter+Extension.swift in Sources */,
				A20B898A2B6ECA3500A068DD /* CharactersCoordinator.swift in Sources */,
				A20B8A432B754D3F00A068DD /* InfoMapper.swift in Sources */,
				A20B8A882B75EAA900A068DD /* LocationsFactory.swift in Sources */,
				A20B8A282B74F23300A068DD /* InfoDTO.swift in Sources */,
			);
			runOnlyForDeploymentPostprocessing = 0;
		};
		A20B894A2B6EA68800A068DD /* Sources */ = {
			isa = PBXSourcesBuildPhase;
			buildActionMask = 2147483647;
			files = (
			);
			runOnlyForDeploymentPostprocessing = 0;
		};
/* End PBXSourcesBuildPhase section */

/* Begin PBXTargetDependency section */
		A20B89532B6EA68800A068DD /* PBXTargetDependency */ = {
			isa = PBXTargetDependency;
			target = A20B892A2B6E753200A068DD /* RickAndMorty */;
			targetProxy = A20B89522B6EA68800A068DD /* PBXContainerItemProxy */;
		};
/* End PBXTargetDependency section */

/* Begin PBXVariantGroup section */
		A20B89392B6E753300A068DD /* LaunchScreen.storyboard */ = {
			isa = PBXVariantGroup;
			children = (
				A20B893A2B6E753300A068DD /* Base */,
			);
			name = LaunchScreen.storyboard;
			sourceTree = "<group>";
		};
/* End PBXVariantGroup section */

/* Begin XCBuildConfiguration section */
		A20B893D2B6E753300A068DD /* Debug */ = {
			isa = XCBuildConfiguration;
			buildSettings = {
				ALWAYS_SEARCH_USER_PATHS = NO;
				ASSETCATALOG_COMPILER_GENERATE_SWIFT_ASSET_SYMBOL_EXTENSIONS = YES;
				CLANG_ANALYZER_NONNULL = YES;
				CLANG_ANALYZER_NUMBER_OBJECT_CONVERSION = YES_AGGRESSIVE;
				CLANG_CXX_LANGUAGE_STANDARD = "gnu++20";
				CLANG_ENABLE_MODULES = YES;
				CLANG_ENABLE_OBJC_ARC = YES;
				CLANG_ENABLE_OBJC_WEAK = YES;
				CLANG_WARN_BLOCK_CAPTURE_AUTORELEASING = YES;
				CLANG_WARN_BOOL_CONVERSION = YES;
				CLANG_WARN_COMMA = YES;
				CLANG_WARN_CONSTANT_CONVERSION = YES;
				CLANG_WARN_DEPRECATED_OBJC_IMPLEMENTATIONS = YES;
				CLANG_WARN_DIRECT_OBJC_ISA_USAGE = YES_ERROR;
				CLANG_WARN_DOCUMENTATION_COMMENTS = YES;
				CLANG_WARN_EMPTY_BODY = YES;
				CLANG_WARN_ENUM_CONVERSION = YES;
				CLANG_WARN_INFINITE_RECURSION = YES;
				CLANG_WARN_INT_CONVERSION = YES;
				CLANG_WARN_NON_LITERAL_NULL_CONVERSION = YES;
				CLANG_WARN_OBJC_IMPLICIT_RETAIN_SELF = YES;
				CLANG_WARN_OBJC_LITERAL_CONVERSION = YES;
				CLANG_WARN_OBJC_ROOT_CLASS = YES_ERROR;
				CLANG_WARN_QUOTED_INCLUDE_IN_FRAMEWORK_HEADER = YES;
				CLANG_WARN_RANGE_LOOP_ANALYSIS = YES;
				CLANG_WARN_STRICT_PROTOTYPES = YES;
				CLANG_WARN_SUSPICIOUS_MOVE = YES;
				CLANG_WARN_UNGUARDED_AVAILABILITY = YES_AGGRESSIVE;
				CLANG_WARN_UNREACHABLE_CODE = YES;
				CLANG_WARN__DUPLICATE_METHOD_MATCH = YES;
				COPY_PHASE_STRIP = NO;
				DEBUG_INFORMATION_FORMAT = dwarf;
				ENABLE_STRICT_OBJC_MSGSEND = YES;
				ENABLE_TESTABILITY = YES;
				ENABLE_USER_SCRIPT_SANDBOXING = YES;
				GCC_C_LANGUAGE_STANDARD = gnu17;
				GCC_DYNAMIC_NO_PIC = NO;
				GCC_NO_COMMON_BLOCKS = YES;
				GCC_OPTIMIZATION_LEVEL = 0;
				GCC_PREPROCESSOR_DEFINITIONS = (
					"DEBUG=1",
					"$(inherited)",
				);
				GCC_WARN_64_TO_32_BIT_CONVERSION = YES;
				GCC_WARN_ABOUT_RETURN_TYPE = YES_ERROR;
				GCC_WARN_UNDECLARED_SELECTOR = YES;
				GCC_WARN_UNINITIALIZED_AUTOS = YES_AGGRESSIVE;
				GCC_WARN_UNUSED_FUNCTION = YES;
				GCC_WARN_UNUSED_VARIABLE = YES;
				IPHONEOS_DEPLOYMENT_TARGET = 17.2;
				LOCALIZATION_PREFERS_STRING_CATALOGS = YES;
				MTL_ENABLE_DEBUG_INFO = INCLUDE_SOURCE;
				MTL_FAST_MATH = YES;
				ONLY_ACTIVE_ARCH = YES;
				SDKROOT = iphoneos;
				SWIFT_ACTIVE_COMPILATION_CONDITIONS = "DEBUG $(inherited)";
				SWIFT_OPTIMIZATION_LEVEL = "-Onone";
			};
			name = Debug;
		};
		A20B893E2B6E753300A068DD /* Release */ = {
			isa = XCBuildConfiguration;
			buildSettings = {
				ALWAYS_SEARCH_USER_PATHS = NO;
				ASSETCATALOG_COMPILER_GENERATE_SWIFT_ASSET_SYMBOL_EXTENSIONS = YES;
				CLANG_ANALYZER_NONNULL = YES;
				CLANG_ANALYZER_NUMBER_OBJECT_CONVERSION = YES_AGGRESSIVE;
				CLANG_CXX_LANGUAGE_STANDARD = "gnu++20";
				CLANG_ENABLE_MODULES = YES;
				CLANG_ENABLE_OBJC_ARC = YES;
				CLANG_ENABLE_OBJC_WEAK = YES;
				CLANG_WARN_BLOCK_CAPTURE_AUTORELEASING = YES;
				CLANG_WARN_BOOL_CONVERSION = YES;
				CLANG_WARN_COMMA = YES;
				CLANG_WARN_CONSTANT_CONVERSION = YES;
				CLANG_WARN_DEPRECATED_OBJC_IMPLEMENTATIONS = YES;
				CLANG_WARN_DIRECT_OBJC_ISA_USAGE = YES_ERROR;
				CLANG_WARN_DOCUMENTATION_COMMENTS = YES;
				CLANG_WARN_EMPTY_BODY = YES;
				CLANG_WARN_ENUM_CONVERSION = YES;
				CLANG_WARN_INFINITE_RECURSION = YES;
				CLANG_WARN_INT_CONVERSION = YES;
				CLANG_WARN_NON_LITERAL_NULL_CONVERSION = YES;
				CLANG_WARN_OBJC_IMPLICIT_RETAIN_SELF = YES;
				CLANG_WARN_OBJC_LITERAL_CONVERSION = YES;
				CLANG_WARN_OBJC_ROOT_CLASS = YES_ERROR;
				CLANG_WARN_QUOTED_INCLUDE_IN_FRAMEWORK_HEADER = YES;
				CLANG_WARN_RANGE_LOOP_ANALYSIS = YES;
				CLANG_WARN_STRICT_PROTOTYPES = YES;
				CLANG_WARN_SUSPICIOUS_MOVE = YES;
				CLANG_WARN_UNGUARDED_AVAILABILITY = YES_AGGRESSIVE;
				CLANG_WARN_UNREACHABLE_CODE = YES;
				CLANG_WARN__DUPLICATE_METHOD_MATCH = YES;
				COPY_PHASE_STRIP = NO;
				DEBUG_INFORMATION_FORMAT = "dwarf-with-dsym";
				ENABLE_NS_ASSERTIONS = NO;
				ENABLE_STRICT_OBJC_MSGSEND = YES;
				ENABLE_USER_SCRIPT_SANDBOXING = YES;
				GCC_C_LANGUAGE_STANDARD = gnu17;
				GCC_NO_COMMON_BLOCKS = YES;
				GCC_WARN_64_TO_32_BIT_CONVERSION = YES;
				GCC_WARN_ABOUT_RETURN_TYPE = YES_ERROR;
				GCC_WARN_UNDECLARED_SELECTOR = YES;
				GCC_WARN_UNINITIALIZED_AUTOS = YES_AGGRESSIVE;
				GCC_WARN_UNUSED_FUNCTION = YES;
				GCC_WARN_UNUSED_VARIABLE = YES;
				IPHONEOS_DEPLOYMENT_TARGET = 17.2;
				LOCALIZATION_PREFERS_STRING_CATALOGS = YES;
				MTL_ENABLE_DEBUG_INFO = NO;
				MTL_FAST_MATH = YES;
				SDKROOT = iphoneos;
				SWIFT_COMPILATION_MODE = wholemodule;
				VALIDATE_PRODUCT = YES;
			};
			name = Release;
		};
		A20B89402B6E753300A068DD /* Debug */ = {
			isa = XCBuildConfiguration;
			buildSettings = {
				ASSETCATALOG_COMPILER_APPICON_NAME = AppIcon;
				ASSETCATALOG_COMPILER_GLOBAL_ACCENT_COLOR_NAME = AccentColor;
				CODE_SIGN_STYLE = Automatic;
				CURRENT_PROJECT_VERSION = 1;
				DEVELOPMENT_ASSET_PATHS = "\"RickAndMorty/Preview Content\"";
				DEVELOPMENT_TEAM = 7KU7CB5928;
				GENERATE_INFOPLIST_FILE = YES;
				INFOPLIST_FILE = RickAndMorty/Setup/Info.plist;
				INFOPLIST_KEY_UIApplicationSupportsIndirectInputEvents = YES;
				INFOPLIST_KEY_UILaunchStoryboardName = LaunchScreen;
				INFOPLIST_KEY_UISupportedInterfaceOrientations_iPad = "UIInterfaceOrientationPortrait UIInterfaceOrientationPortraitUpsideDown UIInterfaceOrientationLandscapeLeft UIInterfaceOrientationLandscapeRight";
				INFOPLIST_KEY_UISupportedInterfaceOrientations_iPhone = "UIInterfaceOrientationPortrait UIInterfaceOrientationLandscapeLeft UIInterfaceOrientationLandscapeRight";
				IPHONEOS_DEPLOYMENT_TARGET = 17.0;
				LD_RUNPATH_SEARCH_PATHS = (
					"$(inherited)",
					"@executable_path/Frameworks",
				);
				MARKETING_VERSION = 1.0;
				PRODUCT_BUNDLE_IDENTIFIER = com.ads.RickAndMorty;
				PRODUCT_NAME = "$(TARGET_NAME)";
				SWIFT_EMIT_LOC_STRINGS = YES;
				SWIFT_VERSION = 5.0;
				TARGETED_DEVICE_FAMILY = "1,2";
			};
			name = Debug;
		};
		A20B89412B6E753300A068DD /* Release */ = {
			isa = XCBuildConfiguration;
			buildSettings = {
				ASSETCATALOG_COMPILER_APPICON_NAME = AppIcon;
				ASSETCATALOG_COMPILER_GLOBAL_ACCENT_COLOR_NAME = AccentColor;
				CODE_SIGN_STYLE = Automatic;
				CURRENT_PROJECT_VERSION = 1;
				DEVELOPMENT_ASSET_PATHS = "\"RickAndMorty/Preview Content\"";
				DEVELOPMENT_TEAM = 7KU7CB5928;
				GENERATE_INFOPLIST_FILE = YES;
				INFOPLIST_FILE = RickAndMorty/Setup/Info.plist;
				INFOPLIST_KEY_UIApplicationSupportsIndirectInputEvents = YES;
				INFOPLIST_KEY_UILaunchStoryboardName = LaunchScreen;
				INFOPLIST_KEY_UISupportedInterfaceOrientations_iPad = "UIInterfaceOrientationPortrait UIInterfaceOrientationPortraitUpsideDown UIInterfaceOrientationLandscapeLeft UIInterfaceOrientationLandscapeRight";
				INFOPLIST_KEY_UISupportedInterfaceOrientations_iPhone = "UIInterfaceOrientationPortrait UIInterfaceOrientationLandscapeLeft UIInterfaceOrientationLandscapeRight";
				IPHONEOS_DEPLOYMENT_TARGET = 17.0;
				LD_RUNPATH_SEARCH_PATHS = (
					"$(inherited)",
					"@executable_path/Frameworks",
				);
				MARKETING_VERSION = 1.0;
				PRODUCT_BUNDLE_IDENTIFIER = com.ads.RickAndMorty;
				PRODUCT_NAME = "$(TARGET_NAME)";
				SWIFT_EMIT_LOC_STRINGS = YES;
				SWIFT_VERSION = 5.0;
				TARGETED_DEVICE_FAMILY = "1,2";
			};
			name = Release;
		};
		A20B89542B6EA68800A068DD /* Debug */ = {
			isa = XCBuildConfiguration;
			buildSettings = {
				BUNDLE_LOADER = "$(TEST_HOST)";
				CODE_SIGN_STYLE = Automatic;
				CURRENT_PROJECT_VERSION = 1;
				DEVELOPMENT_TEAM = 7KU7CB5928;
				GENERATE_INFOPLIST_FILE = YES;
				MARKETING_VERSION = 1.0;
				PRODUCT_BUNDLE_IDENTIFIER = com.ads.RickAndMortyTests;
				PRODUCT_NAME = "$(TARGET_NAME)";
				SWIFT_EMIT_LOC_STRINGS = NO;
				SWIFT_VERSION = 5.0;
				TARGETED_DEVICE_FAMILY = "1,2";
				TEST_HOST = "$(BUILT_PRODUCTS_DIR)/RickAndMorty.app/$(BUNDLE_EXECUTABLE_FOLDER_PATH)/RickAndMorty";
			};
			name = Debug;
		};
		A20B89552B6EA68800A068DD /* Release */ = {
			isa = XCBuildConfiguration;
			buildSettings = {
				BUNDLE_LOADER = "$(TEST_HOST)";
				CODE_SIGN_STYLE = Automatic;
				CURRENT_PROJECT_VERSION = 1;
				DEVELOPMENT_TEAM = 7KU7CB5928;
				GENERATE_INFOPLIST_FILE = YES;
				MARKETING_VERSION = 1.0;
				PRODUCT_BUNDLE_IDENTIFIER = com.ads.RickAndMortyTests;
				PRODUCT_NAME = "$(TARGET_NAME)";
				SWIFT_EMIT_LOC_STRINGS = NO;
				SWIFT_VERSION = 5.0;
				TARGETED_DEVICE_FAMILY = "1,2";
				TEST_HOST = "$(BUILT_PRODUCTS_DIR)/RickAndMorty.app/$(BUNDLE_EXECUTABLE_FOLDER_PATH)/RickAndMorty";
			};
			name = Release;
		};
/* End XCBuildConfiguration section */

/* Begin XCConfigurationList section */
		A20B89262B6E753200A068DD /* Build configuration list for PBXProject "RickAndMorty" */ = {
			isa = XCConfigurationList;
			buildConfigurations = (
				A20B893D2B6E753300A068DD /* Debug */,
				A20B893E2B6E753300A068DD /* Release */,
			);
			defaultConfigurationIsVisible = 0;
			defaultConfigurationName = Release;
		};
		A20B893F2B6E753300A068DD /* Build configuration list for PBXNativeTarget "RickAndMorty" */ = {
			isa = XCConfigurationList;
			buildConfigurations = (
				A20B89402B6E753300A068DD /* Debug */,
				A20B89412B6E753300A068DD /* Release */,
			);
			defaultConfigurationIsVisible = 0;
			defaultConfigurationName = Release;
		};
		A20B89562B6EA68800A068DD /* Build configuration list for PBXNativeTarget "RickAndMortyTests" */ = {
			isa = XCConfigurationList;
			buildConfigurations = (
				A20B89542B6EA68800A068DD /* Debug */,
				A20B89552B6EA68800A068DD /* Release */,
			);
			defaultConfigurationIsVisible = 0;
			defaultConfigurationName = Release;
		};
/* End XCConfigurationList section */
	};
	rootObject = A20B89232B6E753200A068DD /* Project object */;
}
